{
  "name": "copy-json",
  "version": "1.0.1",
  "lockfileVersion": 3,
  "requires": true,
  "packages": {
    "": {
      "name": "copy-json",
      "version": "1.0.1",
      "license": "MIT",
      "dependencies": {
        "copy-json": "^1.0.1"
      }
    },
    "node_modules/copy-json": {
      "version": "1.0.1",
      "resolved": "https://registry.npmjs.org/copy-json/-/copy-json-1.0.1.tgz",
      "integrity": "sha512-romOkORuPa5ZaHiQFf3FWx80l0nRMiHWCpHVFuMyaGvJV42rUcMVIrK/18OFUYw1xhQ5L1rkbuhTJgwH1CCaCA=="
    }
  }
}
